
Microsoft Visual Studio Solution File, Format Version 12.00
# Visual Studio Version 16
VisualStudioVersion = 16.0.30114.105
MinimumVisualStudioVersion = 10.0.40219.1
Project("{FAE04EC0-301F-11D3-BF4B-00C04F79EFBC}") = "TestScoresCh13", "TestScoresCh13\TestScoresCh13.csproj", "{F7C46EFB-164F-4552-8AE1-74DF3FF63430}"
EndProject
Global
	GlobalSection(SolutionConfigurationPlatforms) = preSolution
		Debug|Any CPU = Debug|Any CPU
		Release|Any CPU = Release|Any CPU
	EndGlobalSection
	GlobalSection(ProjectConfigurationPlatforms) = postSolution
		{F7C46EFB-164F-4552-8AE1-74DF3FF63430}.Debug|Any CPU.ActiveCfg = Debug|Any CPU
		{F7C46EFB-164F-4552-8AE1-74DF3FF63430}.Debug|Any CPU.Build.0 = Debug|Any CPU
		{F7C46EFB-164F-4552-8AE1-74DF3FF63430}.Release|Any CPU.ActiveCfg = Release|Any CPU
		{F7C46EFB-164F-4552-8AE1-74DF3FF63430}.Release|Any CPU.Build.0 = Release|Any CPU
	EndGlobalSection
	GlobalSection(SolutionProperties) = preSolution
		HideSolutionNode = FALSE
	EndGlobalSection
	GlobalSection(ExtensibilityGlobals) = postSolution
		SolutionGuid = {0671429A-F9F7-4A4E-8A8C-142EC049A295}
	EndGlobalSection
EndGlobal
